
Microsoft Visual Studio Solution File, Format Version 12.00
# Visual Studio 15
VisualStudioVersion = 15.0.28307.136
MinimumVisualStudioVersion = 10.0.40219.1
Project("{FAE04EC0-301F-11D3-BF4B-00C04F79EFBC}") = "events.tac.local", "events.tac.local\events.tac.local.csproj", "{12A3DA50-2BC9-48FF-8A04-F0EAC4A38397}"
EndProject
Project("{FAE04EC0-301F-11D3-BF4B-00C04F79EFBC}") = "tac.utils", "tac.utils\tac.utils.csproj", "{1C59F3AA-127D-4D46-92A9-8EB82692B76A}"
EndProject
Global
	GlobalSection(SolutionConfigurationPlatforms) = preSolution
		Debug|Any CPU = Debug|Any CPU
		Release|Any CPU = Release|Any CPU
	EndGlobalSection
	GlobalSection(ProjectConfigurationPlatforms) = postSolution
		{12A3DA50-2BC9-48FF-8A04-F0EAC4A38397}.Debug|Any CPU.ActiveCfg = Debug|Any CPU
		{12A3DA50-2BC9-48FF-8A04-F0EAC4A38397}.Debug|Any CPU.Build.0 = Debug|Any CPU
		{12A3DA50-2BC9-48FF-8A04-F0EAC4A38397}.Release|Any CPU.ActiveCfg = Release|Any CPU
		{12A3DA50-2BC9-48FF-8A04-F0EAC4A38397}.Release|Any CPU.Build.0 = Release|Any CPU
		{1C59F3AA-127D-4D46-92A9-8EB82692B76A}.Debug|Any CPU.ActiveCfg = Debug|Any CPU
		{1C59F3AA-127D-4D46-92A9-8EB82692B76A}.Debug|Any CPU.Build.0 = Debug|Any CPU
		{1C59F3AA-127D-4D46-92A9-8EB82692B76A}.Release|Any CPU.ActiveCfg = Release|Any CPU
		{1C59F3AA-127D-4D46-92A9-8EB82692B76A}.Release|Any CPU.Build.0 = Release|Any CPU
	EndGlobalSection
	GlobalSection(SolutionProperties) = preSolution
		HideSolutionNode = FALSE
	EndGlobalSection
	GlobalSection(ExtensibilityGlobals) = postSolution
		SolutionGuid = {62DAD3A1-37CA-4B6F-9A7E-79FA6C1D4BEC}
	EndGlobalSection
EndGlobal
